schema: '2.0'
stages:
  clean:
    cmd: uv run src/clean.py data/raw/events.csv data/clean/events.csv
    deps:
    - path: data/raw/events.csv
      hash: md5
      md5: 431ff8b1e99f6c5ac0a423d9e37ac2a9
      size: 73240
    - path: src/clean.py
      hash: md5
      md5: 8bfba43daf99e826f448fc2cc3712988
      size: 2257
    outs:
    - path: data/clean/events.csv
      hash: md5
      md5: 5693282c79d6542e395e30277b223703
      size: 59825
  transform:
    cmd: uv run src/transform.py data/clean/events.csv 
      data/transformed/events.csv
    deps:
    - path: data/clean/events.csv
      hash: md5
      md5: 5693282c79d6542e395e30277b223703
      size: 59825
    - path: src/transform.py
      hash: md5
      md5: bdd9a7e503078c002c79a3d8925a1c1e
      size: 948
    outs:
    - path: data/transformed/events.csv
      hash: md5
      md5: 3e7d33a0b81956f0c45d17f919ef0516
      size: 77694
  features:
    cmd: uv run src/features.py data/transformed/events.csv 
      data/features/events.csv
    deps:
    - path: data/transformed/events.csv
      hash: md5
      md5: 3e7d33a0b81956f0c45d17f919ef0516
      size: 77694
    - path: src/features.py
      hash: md5
      md5: 3cc5bd639d5ba2efde0e3f326c7af54a
      size: 1084
    outs:
    - path: data/features/events.csv
      hash: md5
      md5: 02aad9ba32952fc056878035872349c8
      size: 113955
